
Microsoft Visual Studio Solution File, Format Version 12.00
# Visual Studio Version 16
VisualStudioVersion = 16.0.31019.35
MinimumVisualStudioVersion = 10.0.40219.1
Project("{9A19103F-16F7-4668-BE54-9A1E7A4F7556}") = "KampIntro", "KampIntro\KampIntro.csproj", "{2EDD1119-9A42-4513-9459-8EE5CC9E53BA}"
EndProject
Project("{9A19103F-16F7-4668-BE54-9A1E7A4F7556}") = "Donguler", "Donguler\Donguler.csproj", "{C3B6F424-38EE-448D-A280-A7FB66E096E8}"
EndProject
Project("{9A19103F-16F7-4668-BE54-9A1E7A4F7556}") = "ClassIntro", "ClassIntro\ClassIntro.csproj", "{3F302997-4DFA-4016-834C-48D3E55B0F25}"
EndProject
Project("{9A19103F-16F7-4668-BE54-9A1E7A4F7556}") = "Metotlar", "Metotlar\Metotlar.csproj", "{463D2240-8F86-41CF-B8C1-E37B0D6CA0C0}"
EndProject
Project("{9A19103F-16F7-4668-BE54-9A1E7A4F7556}") = "Matematik", "Matematik\Matematik.csproj", "{B9BAC793-6372-44DC-841F-CA7E793AEA45}"
EndProject
Project("{9A19103F-16F7-4668-BE54-9A1E7A4F7556}") = "DegerVeReferansTipler", "DegerVeReferansTipler\DegerVeReferansTipler.csproj", "{306FA382-FDE8-43FF-B6EC-65733995C1E8}"
EndProject
Project("{9A19103F-16F7-4668-BE54-9A1E7A4F7556}") = "OOP1", "OOP1\OOP1.csproj", "{4D7774BF-D413-4949-9457-DD10D163693C}"
EndProject
Project("{9A19103F-16F7-4668-BE54-9A1E7A4F7556}") = "Koleksiyonlar", "Koleksiyonlar\Koleksiyonlar.csproj", "{11E6EF0C-3E15-46AF-BE8E-A7376B738CD8}"
EndProject
Project("{9A19103F-16F7-4668-BE54-9A1E7A4F7556}") = "GenericsIntro", "GenericsIntro\GenericsIntro.csproj", "{8CA1CB81-9833-437B-A773-44BD31D296B6}"
EndProject
Project("{9A19103F-16F7-4668-BE54-9A1E7A4F7556}") = "OOP2", "OOP2\OOP2.csproj", "{4F940464-648C-4510-B488-7C2F385CB16F}"
EndProject
Project("{9A19103F-16F7-4668-BE54-9A1E7A4F7556}") = "OOP3", "OOP3\OOP3.csproj", "{162AB02D-FDE5-445A-9256-99A6B6D99B5D}"
EndProject
Project("{FAE04EC0-301F-11D3-BF4B-00C04F79EFBC}") = "Week5Hw5", "Week5Hw5\Week5Hw5.csproj", "{12C1D2F0-DAA5-4579-8D9B-8AD0ED1933E8}"
EndProject
Global
	GlobalSection(SolutionConfigurationPlatforms) = preSolution
		Debug|Any CPU = Debug|Any CPU
		Release|Any CPU = Release|Any CPU
	EndGlobalSection
	GlobalSection(ProjectConfigurationPlatforms) = postSolution
		{2EDD1119-9A42-4513-9459-8EE5CC9E53BA}.Debug|Any CPU.ActiveCfg = Debug|Any CPU
		{2EDD1119-9A42-4513-9459-8EE5CC9E53BA}.Debug|Any CPU.Build.0 = Debug|Any CPU
		{2EDD1119-9A42-4513-9459-8EE5CC9E53BA}.Release|Any CPU.ActiveCfg = Release|Any CPU
		{2EDD1119-9A42-4513-9459-8EE5CC9E53BA}.Release|Any CPU.Build.0 = Release|Any CPU
		{C3B6F424-38EE-448D-A280-A7FB66E096E8}.Debug|Any CPU.ActiveCfg = Debug|Any CPU
		{C3B6F424-38EE-448D-A280-A7FB66E096E8}.Debug|Any CPU.Build.0 = Debug|Any CPU
		{C3B6F424-38EE-448D-A280-A7FB66E096E8}.Release|Any CPU.ActiveCfg = Release|Any CPU
		{C3B6F424-38EE-448D-A280-A7FB66E096E8}.Release|Any CPU.Build.0 = Release|Any CPU
		{3F302997-4DFA-4016-834C-48D3E55B0F25}.Debug|Any CPU.ActiveCfg = Debug|Any CPU
		{3F302997-4DFA-4016-834C-48D3E55B0F25}.Debug|Any CPU.Build.0 = Debug|Any CPU
		{3F302997-4DFA-4016-834C-48D3E55B0F25}.Release|Any CPU.ActiveCfg = Release|Any CPU
		{3F302997-4DFA-4016-834C-48D3E55B0F25}.Release|Any CPU.Build.0 = Release|Any CPU
		{463D2240-8F86-41CF-B8C1-E37B0D6CA0C0}.Debug|Any CPU.ActiveCfg = Debug|Any CPU
		{463D2240-8F86-41CF-B8C1-E37B0D6CA0C0}.Debug|Any CPU.Build.0 = Debug|Any CPU
		{463D2240-8F86-41CF-B8C1-E37B0D6CA0C0}.Release|Any CPU.ActiveCfg = Release|Any CPU
		{463D2240-8F86-41CF-B8C1-E37B0D6CA0C0}.Release|Any CPU.Build.0 = Release|Any CPU
		{B9BAC793-6372-44DC-841F-CA7E793AEA45}.Debug|Any CPU.ActiveCfg = Debug|Any CPU
		{B9BAC793-6372-44DC-841F-CA7E793AEA45}.Debug|Any CPU.Build.0 = Debug|Any CPU
		{B9BAC793-6372-44DC-841F-CA7E793AEA45}.Release|Any CPU.ActiveCfg = Release|Any CPU
		{B9BAC793-6372-44DC-841F-CA7E793AEA45}.Release|Any CPU.Build.0 = Release|Any CPU
		{306FA382-FDE8-43FF-B6EC-65733995C1E8}.Debug|Any CPU.ActiveCfg = Debug|Any CPU
		{306FA382-FDE8-43FF-B6EC-65733995C1E8}.Debug|Any CPU.Build.0 = Debug|Any CPU
		{306FA382-FDE8-43FF-B6EC-65733995C1E8}.Release|Any CPU.ActiveCfg = Release|Any CPU
		{306FA382-FDE8-43FF-B6EC-65733995C1E8}.Release|Any CPU.Build.0 = Release|Any CPU
		{4D7774BF-D413-4949-9457-DD10D163693C}.Debug|Any CPU.ActiveCfg = Debug|Any CPU
		{4D7774BF-D413-4949-9457-DD10D163693C}.Debug|Any CPU.Build.0 = Debug|Any CPU
		{4D7774BF-D413-4949-9457-DD10D163693C}.Release|Any CPU.ActiveCfg = Release|Any CPU
		{4D7774BF-D413-4949-9457-DD10D163693C}.Release|Any CPU.Build.0 = Release|Any CPU
		{11E6EF0C-3E15-46AF-BE8E-A7376B738CD8}.Debug|Any CPU.ActiveCfg = Debug|Any CPU
		{11E6EF0C-3E15-46AF-BE8E-A7376B738CD8}.Debug|Any CPU.Build.0 = Debug|Any CPU
		{11E6EF0C-3E15-46AF-BE8E-A7376B738CD8}.Release|Any CPU.ActiveCfg = Release|Any CPU
		{11E6EF0C-3E15-46AF-BE8E-A7376B738CD8}.Release|Any CPU.Build.0 = Release|Any CPU
		{8CA1CB81-9833-437B-A773-44BD31D296B6}.Debug|Any CPU.ActiveCfg = Debug|Any CPU
		{8CA1CB81-9833-437B-A773-44BD31D296B6}.Debug|Any CPU.Build.0 = Debug|Any CPU
		{8CA1CB81-9833-437B-A773-44BD31D296B6}.Release|Any CPU.ActiveCfg = Release|Any CPU
		{8CA1CB81-9833-437B-A773-44BD31D296B6}.Release|Any CPU.Build.0 = Release|Any CPU
		{4F940464-648C-4510-B488-7C2F385CB16F}.Debug|Any CPU.ActiveCfg = Debug|Any CPU
		{4F940464-648C-4510-B488-7C2F385CB16F}.Debug|Any CPU.Build.0 = Debug|Any CPU
		{4F940464-648C-4510-B488-7C2F385CB16F}.Release|Any CPU.ActiveCfg = Release|Any CPU
		{4F940464-648C-4510-B488-7C2F385CB16F}.Release|Any CPU.Build.0 = Release|Any CPU
		{162AB02D-FDE5-445A-9256-99A6B6D99B5D}.Debug|Any CPU.ActiveCfg = Debug|Any CPU
		{162AB02D-FDE5-445A-9256-99A6B6D99B5D}.Debug|Any CPU.Build.0 = Debug|Any CPU
		{162AB02D-FDE5-445A-9256-99A6B6D99B5D}.Release|Any CPU.ActiveCfg = Release|Any CPU
		{162AB02D-FDE5-445A-9256-99A6B6D99B5D}.Release|Any CPU.Build.0 = Release|Any CPU
		{12C1D2F0-DAA5-4579-8D9B-8AD0ED1933E8}.Debug|Any CPU.ActiveCfg = Debug|Any CPU
		{12C1D2F0-DAA5-4579-8D9B-8AD0ED1933E8}.Debug|Any CPU.Build.0 = Debug|Any CPU
		{12C1D2F0-DAA5-4579-8D9B-8AD0ED1933E8}.Release|Any CPU.ActiveCfg = Release|Any CPU
		{12C1D2F0-DAA5-4579-8D9B-8AD0ED1933E8}.Release|Any CPU.Build.0 = Release|Any CPU
	EndGlobalSection
	GlobalSection(SolutionProperties) = preSolution
		HideSolutionNode = FALSE
	EndGlobalSection
	GlobalSection(ExtensibilityGlobals) = postSolution
		SolutionGuid = {080E406A-6FBA-4D42-B1BF-9BC31E4F90CB}
	EndGlobalSection
EndGlobal
